<?xml version="1.0" encoding="utf-8"?>
<Project ToolsVersion="4.0" xmlns="http://schemas.microsoft.com/developer/msbuild/2003">
  <ItemGroup>
    <ClCompile Include="[브론즈2]2750_수 정렬하기1.cpp" />
    <ClCompile Include="[골드2]★1377_버블 소트.cpp" />
    <ClCompile Include="[실버5]1427_내림차순으로 자릿수 정렬하기.cpp" />
    <ClCompile Include="[실버4]★11399_ATM.cpp" />
    <ClCompile Include="[실버5]%28왼쪽 값 피벗%2911004_k번째 수.cpp" />
    <ClCompile Include="[실버5](중앙 값 피벗)11004_k번째 수.cpp" />
  </ItemGroup>
</Project>